github.com/likexian/whois v1.12.4 h1:NqUNc9LC4G5Fq62o6a3nw/HO8haJDULEudcJPyPMwXg=
github.com/likexian/whois v1.12.4/go.mod h1:SfdfmB72mSdrC/8eLjYkeaEJp9t1MPAgp0ebCzZfYXw=
golang.org/x/net v0.0.0-20211216030914-fe4d6282115f h1:hEYJvxw1lSnWIl8X9ofsYMklzaDs90JI2az5YMd4fPM=
golang.org/x/net v0.0.0-20211216030914-fe4d6282115f/go.mod h1:9nx3DQGgdP8bBQD5qxJ1jj9UTztislL4KSBs9R2vV5Y=
